PODS:
  - AFNetworking (4.0.1):
    - AFNetworking/NSURLSession (= 4.0.1)
    - AFNetworking/Reachability (= 4.0.1)
    - AFNetworking/Security (= 4.0.1)
    - AFNetworking/Serialization (= 4.0.1)
    - AFNetworking/UIKit (= 4.0.1)
  - AFNetworking/NSURLSession (4.0.1):
    - AFNetworking/Reachability
    - AFNetworking/Security
    - AFNetworking/Serialization
  - AFNetworking/Reachability (4.0.1)
  - AFNetworking/Security (4.0.1)
  - AFNetworking/Serialization (4.0.1)
  - AFNetworking/UIKit (4.0.1):
    - AFNetworking/NSURLSession
  - CocoaAsyncSocket (7.6.5)
  - JSONModel (1.8.0)
  - Masonry (1.1.0)
  - MBProgressHUD (1.2.0)
  - Socket.IO-Client-Swift (16.0.1):
    - Starscream (~> 4.0)
  - Starscream (4.0.4)
  - YYKit (1.0.9):
    - YYKit/no-arc (= 1.0.9)
  - YYKit/no-arc (1.0.9)

DEPENDENCIES:
  - AFNetworking
  - CocoaAsyncSocket
  - JSONModel
  - Masonry
  - MBProgressHUD
  - Socket.IO-Client-Swift
  - YYKit

SPEC REPOS:
  https://github.com/cocoapods/specs.git:
    - AFNetworking
    - CocoaAsyncSocket
    - JSONModel
    - Masonry
    - MBProgressHUD
    - Socket.IO-Client-Swift
    - Starscream
    - YYKit

SPEC CHECKSUMS:
  AFNetworking: 7864c38297c79aaca1500c33288e429c3451fdce
  CocoaAsyncSocket: 065fd1e645c7abab64f7a6a2007a48038fdc6a99
  JSONModel: 02ab723958366a3fd27da57ea2af2113658762e9
  Masonry: 678fab65091a9290e40e2832a55e7ab731aad201
  MBProgressHUD: 3ee5efcc380f6a79a7cc9b363dd669c5e1ae7406
  Socket.IO-Client-Swift: c116d6dc9fd6be9c259bacfe143f8725bce7d79e
  Starscream: 5178aed56b316f13fa3bc55694e583d35dd414d9
  YYKit: 7cda43304a8dc3696c449041e2cb3107b4e236e7

PODFILE CHECKSUM: ea132b2ae3f167d2cd0c5fc045a70089c3bbc281

COCOAPODS: 1.5.3
